
Microsoft Visual Studio Solution File, Format Version 12.00
# 
Project("{2150E333-8FDC-42A3-9474-1A3956D46DE8}") = "cleaner", "cleaner", "{E9376D1F-182D-4061-B1AB-4EE0E9AB4FCA}"
EndProject
Project("{FAE04EC0-301F-11D3-BF4B-00C04F79EFBC}") = "cleaner", "cleaner\cleaner\cleaner.csproj", "{1E5B5C6D-803A-4B8E-91D9-144F2A206EFC}"
EndProject
Global
	GlobalSection(SolutionConfigurationPlatforms) = preSolution
		Debug|Any CPU = Debug|Any CPU
		Release|Any CPU = Release|Any CPU
	EndGlobalSection
	GlobalSection(ProjectConfigurationPlatforms) = postSolution
		{1E5B5C6D-803A-4B8E-91D9-144F2A206EFC}.Debug|Any CPU.ActiveCfg = Debug|Any CPU
		{1E5B5C6D-803A-4B8E-91D9-144F2A206EFC}.Debug|Any CPU.Build.0 = Debug|Any CPU
		{1E5B5C6D-803A-4B8E-91D9-144F2A206EFC}.Release|Any CPU.ActiveCfg = Release|Any CPU
		{1E5B5C6D-803A-4B8E-91D9-144F2A206EFC}.Release|Any CPU.Build.0 = Release|Any CPU
	EndGlobalSection
	GlobalSection(NestedProjects) = preSolution
		{1E5B5C6D-803A-4B8E-91D9-144F2A206EFC} = {E9376D1F-182D-4061-B1AB-4EE0E9AB4FCA}
	EndGlobalSection
EndGlobal
